{
  "name": "tinymc",
  "version": "1.0.0",
  "lockfileVersion": 2,
  "requires": true,
  "packages": {
    "": {
      "version": "1.0.0",
      "license": "ISC",
      "dependencies": {
        "@j0code/yson": "^1.0.4",
        "typescript": "^4.8.4"
      }
    },
    "node_modules/@j0code/yson": {
      "version": "1.0.4",
      "resolved": "https://registry.npmjs.org/@j0code/yson/-/yson-1.0.4.tgz",
      "integrity": "sha512-6JE1vxGOwi4OMuPqNzvfupgu9aedDA1/KA0QdjhdOv9qvfxcQV3locoxmiHzF7zHDGGTR4FXf8mmRfqLKAJBoQ=="
    },
    "node_modules/typescript": {
      "version": "4.8.4",
      "resolved": "https://registry.npmjs.org/typescript/-/typescript-4.8.4.tgz",
      "integrity": "sha512-QCh+85mCy+h0IGff8r5XWzOVSbBO+KfeYrMQh7NJ58QujwcE22u+NUSmUxqF+un70P9GXKxa2HCNiTTMJknyjQ==",
      "bin": {
        "tsc": "bin/tsc",
        "tsserver": "bin/tsserver"
      },
      "engines": {
        "node": ">=4.2.0"
      }
    }
  },
  "dependencies": {
    "@j0code/yson": {
      "version": "1.0.4",
      "resolved": "https://registry.npmjs.org/@j0code/yson/-/yson-1.0.4.tgz",
      "integrity": "sha512-6JE1vxGOwi4OMuPqNzvfupgu9aedDA1/KA0QdjhdOv9qvfxcQV3locoxmiHzF7zHDGGTR4FXf8mmRfqLKAJBoQ=="
    },
    "typescript": {
      "version": "4.8.4",
      "resolved": "https://registry.npmjs.org/typescript/-/typescript-4.8.4.tgz",
      "integrity": "sha512-QCh+85mCy+h0IGff8r5XWzOVSbBO+KfeYrMQh7NJ58QujwcE22u+NUSmUxqF+un70P9GXKxa2HCNiTTMJknyjQ=="
    }
  }
}
