{
  "name": "tinymc",
  "version": "1.0.0",
  "lockfileVersion": 2,
  "requires": true,
  "packages": {
    "": {
      "version": "1.0.0",
      "license": "ISC",
      "dependencies": {
        "@j0code/yson": "^1.0.4",
        "typescript": "^5.3.3"
      }
    },
    "node_modules/@j0code/yson": {
      "version": "1.0.4",
      "resolved": "https://registry.npmjs.org/@j0code/yson/-/yson-1.0.4.tgz",
      "integrity": "sha512-6JE1vxGOwi4OMuPqNzvfupgu9aedDA1/KA0QdjhdOv9qvfxcQV3locoxmiHzF7zHDGGTR4FXf8mmRfqLKAJBoQ=="
    },
    "node_modules/typescript": {
      "version": "5.3.3",
      "resolved": "https://registry.npmjs.org/typescript/-/typescript-5.3.3.tgz",
      "integrity": "sha512-pXWcraxM0uxAS+tN0AG/BF2TyqmHO014Z070UsJ+pFvYuRSq8KH8DmWpnbXe0pEPDHXZV3FcAbJkijJ5oNEnWw==",
      "bin": {
        "tsc": "bin/tsc",
        "tsserver": "bin/tsserver"
      },
      "engines": {
        "node": ">=14.17"
      }
    }
  },
  "dependencies": {
    "@j0code/yson": {
      "version": "1.0.4",
      "resolved": "https://registry.npmjs.org/@j0code/yson/-/yson-1.0.4.tgz",
      "integrity": "sha512-6JE1vxGOwi4OMuPqNzvfupgu9aedDA1/KA0QdjhdOv9qvfxcQV3locoxmiHzF7zHDGGTR4FXf8mmRfqLKAJBoQ=="
    },
    "typescript": {
      "version": "5.3.3",
      "resolved": "https://registry.npmjs.org/typescript/-/typescript-5.3.3.tgz",
      "integrity": "sha512-pXWcraxM0uxAS+tN0AG/BF2TyqmHO014Z070UsJ+pFvYuRSq8KH8DmWpnbXe0pEPDHXZV3FcAbJkijJ5oNEnWw=="
    }
  }
}
